
Microsoft Visual Studio Solution File, Format Version 12.00
# Visual Studio Version 16
VisualStudioVersion = 16.0.31515.178
MinimumVisualStudioVersion = 10.0.40219.1
Project("{9A19103F-16F7-4668-BE54-9A1E7A4F7556}") = "XIVTreasureTrove.Account.Domain", "XIVTreasureTrove.Account.Domain\XIVTreasureTrove.Account.Domain.csproj", "{96A9162F-0C77-42C3-8611-E4408E32DF5D}"
EndProject
Project("{FAE04EC0-301F-11D3-BF4B-00C04F79EFBC}") = "XIVTreasureTrove.Account.Context", "XIVTreasureTrove.Account.Context\XIVTreasureTrove.Account.Context.csproj", "{A5EDB299-8F04-47CB-BA2B-ADA8CE2FB59A}"
EndProject
Project("{FAE04EC0-301F-11D3-BF4B-00C04F79EFBC}") = "XIVTreasureTrove.Account.Testing", "XIVTreasureTrove.Account.Testing\XIVTreasureTrove.Account.Testing.csproj", "{FF5E0D21-D69B-4ABD-9848-9DA6C1981827}"
EndProject
Project("{FAE04EC0-301F-11D3-BF4B-00C04F79EFBC}") = "XIVTreasureTrove.Account.Service", "XIVTreasureTrove.Account.Service\XIVTreasureTrove.Account.Service.csproj", "{1FE7930E-FB36-4152-B574-294FA93A569C}"
EndProject
Global
	GlobalSection(SolutionConfigurationPlatforms) = preSolution
		Debug|Any CPU = Debug|Any CPU
		Release|Any CPU = Release|Any CPU
	EndGlobalSection
	GlobalSection(ProjectConfigurationPlatforms) = postSolution
		{96A9162F-0C77-42C3-8611-E4408E32DF5D}.Debug|Any CPU.ActiveCfg = Debug|Any CPU
		{96A9162F-0C77-42C3-8611-E4408E32DF5D}.Debug|Any CPU.Build.0 = Debug|Any CPU
		{96A9162F-0C77-42C3-8611-E4408E32DF5D}.Release|Any CPU.ActiveCfg = Release|Any CPU
		{96A9162F-0C77-42C3-8611-E4408E32DF5D}.Release|Any CPU.Build.0 = Release|Any CPU
		{A5EDB299-8F04-47CB-BA2B-ADA8CE2FB59A}.Debug|Any CPU.ActiveCfg = Debug|Any CPU
		{A5EDB299-8F04-47CB-BA2B-ADA8CE2FB59A}.Debug|Any CPU.Build.0 = Debug|Any CPU
		{A5EDB299-8F04-47CB-BA2B-ADA8CE2FB59A}.Release|Any CPU.ActiveCfg = Release|Any CPU
		{A5EDB299-8F04-47CB-BA2B-ADA8CE2FB59A}.Release|Any CPU.Build.0 = Release|Any CPU
		{FF5E0D21-D69B-4ABD-9848-9DA6C1981827}.Debug|Any CPU.ActiveCfg = Debug|Any CPU
		{FF5E0D21-D69B-4ABD-9848-9DA6C1981827}.Debug|Any CPU.Build.0 = Debug|Any CPU
		{FF5E0D21-D69B-4ABD-9848-9DA6C1981827}.Release|Any CPU.ActiveCfg = Release|Any CPU
		{FF5E0D21-D69B-4ABD-9848-9DA6C1981827}.Release|Any CPU.Build.0 = Release|Any CPU
		{1FE7930E-FB36-4152-B574-294FA93A569C}.Debug|Any CPU.ActiveCfg = Debug|Any CPU
		{1FE7930E-FB36-4152-B574-294FA93A569C}.Debug|Any CPU.Build.0 = Debug|Any CPU
		{1FE7930E-FB36-4152-B574-294FA93A569C}.Release|Any CPU.ActiveCfg = Release|Any CPU
		{1FE7930E-FB36-4152-B574-294FA93A569C}.Release|Any CPU.Build.0 = Release|Any CPU
	EndGlobalSection
	GlobalSection(SolutionProperties) = preSolution
		HideSolutionNode = FALSE
	EndGlobalSection
	GlobalSection(ExtensibilityGlobals) = postSolution
		SolutionGuid = {F925D16A-AA3A-4E6F-8A5F-130554D42E7B}
	EndGlobalSection
EndGlobal
